
Microsoft Visual Studio Solution File, Format Version 12.00
# Visual Studio Version 17
VisualStudioVersion = 17.1.31903.286
MinimumVisualStudioVersion = 10.0.40219.1
Project("{9A19103F-16F7-4668-BE54-9A1E7A4F7556}") = "NetEvent.Server", "NetEvent\Server\NetEvent.Server.csproj", "{EA8B4AF8-EB3F-46C2-9F4E-A89C2256FF2C}"
EndProject
Project("{9A19103F-16F7-4668-BE54-9A1E7A4F7556}") = "NetEvent.Client", "NetEvent\Client\NetEvent.Client.csproj", "{BA051BE4-0A13-4826-8A5B-187086701F09}"
EndProject
Project("{9A19103F-16F7-4668-BE54-9A1E7A4F7556}") = "NetEvent.Shared", "NetEvent\Shared\NetEvent.Shared.csproj", "{022166DF-4F21-4061-98C2-ED700901A221}"
EndProject
Project("{2150E333-8FDC-42A3-9474-1A3956D46DE8}") = "Solution Items", "Solution Items", "{1B9256C4-3252-41AA-9509-B3558E733FE8}"
	ProjectSection(SolutionItems) = preProject
		.editorconfig = .editorconfig
		.gitignore = .gitignore
		Makefile = Makefile
		README.md = README.md
	EndProjectSection
EndProject
Project("{9A19103F-16F7-4668-BE54-9A1E7A4F7556}") = "NetEvent.Server.Tests", "NetEvent\Server.Tests\NetEvent.Server.Tests.csproj", "{CAE571E6-7953-4393-AE27-D2A93DD3DC81}"
EndProject
Project("{2150E333-8FDC-42A3-9474-1A3956D46DE8}") = ".github", ".github", "{6360A460-4B16-4D5B-9E06-FF2B60B06FF5}"
	ProjectSection(SolutionItems) = preProject
		.github\dependabot.yml = .github\dependabot.yml
	EndProjectSection
EndProject
Project("{2150E333-8FDC-42A3-9474-1A3956D46DE8}") = "workflows", "workflows", "{F80CCC91-FA5D-4358-97A5-94A9215B116D}"
	ProjectSection(SolutionItems) = preProject
		.github\workflows\test_and_build.yml = .github\workflows\test_and_build.yml
		.github\workflows\update_dockerhub.yml = .github\workflows\update_dockerhub.yml
		.github\workflows\website_build.yml = .github\workflows\website_build.yml
	EndProjectSection
EndProject
Project("{2150E333-8FDC-42A3-9474-1A3956D46DE8}") = ".sonarlint", ".sonarlint", "{2ECDCEB8-F6E8-486A-853C-4FB1D7BF3A40}"
	ProjectSection(SolutionItems) = preProject
		lan2play_custom.ruleset = lan2play_custom.ruleset
		.sonarlint\lan2play_neteventcsharp.ruleset = .sonarlint\lan2play_neteventcsharp.ruleset
		.sonarlint\NetEvent.slconfig = .sonarlint\NetEvent.slconfig
	EndProjectSection
EndProject
Global
	GlobalSection(SolutionConfigurationPlatforms) = preSolution
		Debug|Any CPU = Debug|Any CPU
		Release|Any CPU = Release|Any CPU
	EndGlobalSection
	GlobalSection(ProjectConfigurationPlatforms) = postSolution
		{EA8B4AF8-EB3F-46C2-9F4E-A89C2256FF2C}.Debug|Any CPU.ActiveCfg = Debug|Any CPU
		{EA8B4AF8-EB3F-46C2-9F4E-A89C2256FF2C}.Debug|Any CPU.Build.0 = Debug|Any CPU
		{EA8B4AF8-EB3F-46C2-9F4E-A89C2256FF2C}.Release|Any CPU.ActiveCfg = Release|Any CPU
		{EA8B4AF8-EB3F-46C2-9F4E-A89C2256FF2C}.Release|Any CPU.Build.0 = Release|Any CPU
		{BA051BE4-0A13-4826-8A5B-187086701F09}.Debug|Any CPU.ActiveCfg = Debug|Any CPU
		{BA051BE4-0A13-4826-8A5B-187086701F09}.Debug|Any CPU.Build.0 = Debug|Any CPU
		{BA051BE4-0A13-4826-8A5B-187086701F09}.Release|Any CPU.ActiveCfg = Release|Any CPU
		{BA051BE4-0A13-4826-8A5B-187086701F09}.Release|Any CPU.Build.0 = Release|Any CPU
		{022166DF-4F21-4061-98C2-ED700901A221}.Debug|Any CPU.ActiveCfg = Debug|Any CPU
		{022166DF-4F21-4061-98C2-ED700901A221}.Debug|Any CPU.Build.0 = Debug|Any CPU
		{022166DF-4F21-4061-98C2-ED700901A221}.Release|Any CPU.ActiveCfg = Release|Any CPU
		{022166DF-4F21-4061-98C2-ED700901A221}.Release|Any CPU.Build.0 = Release|Any CPU
		{CAE571E6-7953-4393-AE27-D2A93DD3DC81}.Debug|Any CPU.ActiveCfg = Debug|Any CPU
		{CAE571E6-7953-4393-AE27-D2A93DD3DC81}.Debug|Any CPU.Build.0 = Debug|Any CPU
		{CAE571E6-7953-4393-AE27-D2A93DD3DC81}.Release|Any CPU.ActiveCfg = Release|Any CPU
		{CAE571E6-7953-4393-AE27-D2A93DD3DC81}.Release|Any CPU.Build.0 = Release|Any CPU
	EndGlobalSection
	GlobalSection(SolutionProperties) = preSolution
		HideSolutionNode = FALSE
	EndGlobalSection
	GlobalSection(NestedProjects) = preSolution
		{F80CCC91-FA5D-4358-97A5-94A9215B116D} = {6360A460-4B16-4D5B-9E06-FF2B60B06FF5}
	EndGlobalSection
	GlobalSection(ExtensibilityGlobals) = postSolution
		SolutionGuid = {D3B2A188-85C4-4F59-9C17-4227D122EA8F}
	EndGlobalSection
EndGlobal
